
Microsoft Visual Studio Solution File, Format Version 12.00
# Visual Studio Version 17
VisualStudioVersion = 17.13.35931.197
MinimumVisualStudioVersion = 10.0.40219.1
Project("{2150E333-8FDC-42A3-9474-1A3956D46DE8}") = "src", "src", "{02EA681E-C7D8-13C7-8484-4AC65E1B71E8}"
EndProject
Project("{2150E333-8FDC-42A3-9474-1A3956D46DE8}") = "test", "test", "{1B15B318-8E26-4ED1-B665-ADF61A52F881}"
EndProject
Project("{FAE04EC0-301F-11D3-BF4B-00C04F79EFBC}") = "Booking.Domain", "Booking.Domain\Booking.Domain.csproj", "{1745065C-E2E1-4282-81BD-BC6660DF6702}"
EndProject
Project("{FAE04EC0-301F-11D3-BF4B-00C04F79EFBC}") = "Booking.Application", "Booking.Application\Booking.Application.csproj", "{B665BB1A-9833-4E02-B6CF-F48FB114AB80}"
EndProject
Global
	GlobalSection(SolutionConfigurationPlatforms) = preSolution
		Debug|Any CPU = Debug|Any CPU
		Release|Any CPU = Release|Any CPU
	EndGlobalSection
	GlobalSection(ProjectConfigurationPlatforms) = postSolution
		{1745065C-E2E1-4282-81BD-BC6660DF6702}.Debug|Any CPU.ActiveCfg = Debug|Any CPU
		{1745065C-E2E1-4282-81BD-BC6660DF6702}.Debug|Any CPU.Build.0 = Debug|Any CPU
		{1745065C-E2E1-4282-81BD-BC6660DF6702}.Release|Any CPU.ActiveCfg = Release|Any CPU
		{1745065C-E2E1-4282-81BD-BC6660DF6702}.Release|Any CPU.Build.0 = Release|Any CPU
		{B665BB1A-9833-4E02-B6CF-F48FB114AB80}.Debug|Any CPU.ActiveCfg = Debug|Any CPU
		{B665BB1A-9833-4E02-B6CF-F48FB114AB80}.Debug|Any CPU.Build.0 = Debug|Any CPU
		{B665BB1A-9833-4E02-B6CF-F48FB114AB80}.Release|Any CPU.ActiveCfg = Release|Any CPU
		{B665BB1A-9833-4E02-B6CF-F48FB114AB80}.Release|Any CPU.Build.0 = Release|Any CPU
	EndGlobalSection
	GlobalSection(SolutionProperties) = preSolution
		HideSolutionNode = FALSE
	EndGlobalSection
	GlobalSection(NestedProjects) = preSolution
		{1745065C-E2E1-4282-81BD-BC6660DF6702} = {02EA681E-C7D8-13C7-8484-4AC65E1B71E8}
		{B665BB1A-9833-4E02-B6CF-F48FB114AB80} = {02EA681E-C7D8-13C7-8484-4AC65E1B71E8}
	EndGlobalSection
	GlobalSection(ExtensibilityGlobals) = postSolution
		SolutionGuid = {67D71CB4-0082-4DC4-B4F7-837EDC83F665}
	EndGlobalSection
EndGlobal
